{
  "name": "sharer",
  "lockfileVersion": 2,
  "requires": true,
  "packages": {
    "": {
      "dependencies": {
        "sharer.js": "0.4.2"
      }
    },
    "node_modules/sharer.js": {
      "version": "0.4.2",
      "resolved": "https://registry.npmjs.org/sharer.js/-/sharer.js-0.4.2.tgz",
      "integrity": "sha512-9JeX1WRSWAANUkyizTK7roKnCUXlIyWR7nBHF4hhhEePkXemcdsh7cT0ihS0j2dQALkbNfp99hMwKJNcLsn7/A=="
    }
  },
  "dependencies": {
    "sharer.js": {
      "version": "0.4.2",
      "resolved": "https://registry.npmjs.org/sharer.js/-/sharer.js-0.4.2.tgz",
      "integrity": "sha512-9JeX1WRSWAANUkyizTK7roKnCUXlIyWR7nBHF4hhhEePkXemcdsh7cT0ihS0j2dQALkbNfp99hMwKJNcLsn7/A=="
    }
  }
}
